
Microsoft Visual Studio Solution File, Format Version 12.00
# Visual Studio Version 16
VisualStudioVersion = 16.0.29025.244
MinimumVisualStudioVersion = 10.0.40219.1
Project("{FAE04EC0-301F-11D3-BF4B-00C04F79EFBC}") = "SerialPortAndSignalProcessingAugust28", "SerialPortAndSignalProcessingAugust28\SerialPortAndSignalProcessingAugust28.csproj", "{E5E09152-826F-4446-AE4A-8A7BB71C2BE8}"
EndProject
Global
	GlobalSection(SolutionConfigurationPlatforms) = preSolution
		Debug|Any CPU = Debug|Any CPU
		Release|Any CPU = Release|Any CPU
	EndGlobalSection
	GlobalSection(ProjectConfigurationPlatforms) = postSolution
		{E5E09152-826F-4446-AE4A-8A7BB71C2BE8}.Debug|Any CPU.ActiveCfg = Debug|Any CPU
		{E5E09152-826F-4446-AE4A-8A7BB71C2BE8}.Debug|Any CPU.Build.0 = Debug|Any CPU
		{E5E09152-826F-4446-AE4A-8A7BB71C2BE8}.Release|Any CPU.ActiveCfg = Release|Any CPU
		{E5E09152-826F-4446-AE4A-8A7BB71C2BE8}.Release|Any CPU.Build.0 = Release|Any CPU
	EndGlobalSection
	GlobalSection(SolutionProperties) = preSolution
		HideSolutionNode = FALSE
	EndGlobalSection
	GlobalSection(ExtensibilityGlobals) = postSolution
		SolutionGuid = {E6F76E0F-014A-47B3-81BF-23AF853E0E3F}
	EndGlobalSection
EndGlobal
